
Microsoft Visual Studio Solution File, Format Version 12.00
# Visual Studio Version 16
VisualStudioVersion = 16.0.28803.452
MinimumVisualStudioVersion = 10.0.40219.1
Project("{FAE04EC0-301F-11D3-BF4B-00C04F79EFBC}") = "IWebDriver_Commands", "IWebDriver_Commands\IWebDriver_Commands.csproj", "{327BF9AD-3DDE-4CDD-A46C-4FED4ADF8C3C}"
EndProject
Global
	GlobalSection(SolutionConfigurationPlatforms) = preSolution
		Debug|Any CPU = Debug|Any CPU
		Release|Any CPU = Release|Any CPU
	EndGlobalSection
	GlobalSection(ProjectConfigurationPlatforms) = postSolution
		{327BF9AD-3DDE-4CDD-A46C-4FED4ADF8C3C}.Debug|Any CPU.ActiveCfg = Debug|Any CPU
		{327BF9AD-3DDE-4CDD-A46C-4FED4ADF8C3C}.Debug|Any CPU.Build.0 = Debug|Any CPU
		{327BF9AD-3DDE-4CDD-A46C-4FED4ADF8C3C}.Release|Any CPU.ActiveCfg = Release|Any CPU
		{327BF9AD-3DDE-4CDD-A46C-4FED4ADF8C3C}.Release|Any CPU.Build.0 = Release|Any CPU
	EndGlobalSection
	GlobalSection(SolutionProperties) = preSolution
		HideSolutionNode = FALSE
	EndGlobalSection
	GlobalSection(ExtensibilityGlobals) = postSolution
		SolutionGuid = {7E3C07E9-C15A-46E3-AD63-C50D405E8720}
	EndGlobalSection
EndGlobal
